
Microsoft Visual Studio Solution File, Format Version 12.00
# Visual Studio Version 17
VisualStudioVersion = 17.6.33723.286
MinimumVisualStudioVersion = 10.0.40219.1
Project("{FAE04EC0-301F-11D3-BF4B-00C04F79EFBC}") = "EmployeeWageComputationUsingOops", "EmployeeWageComputationUsingOops.csproj", "{B3F56CF9-A748-4135-BCE9-B1E57ACCC7DE}"
EndProject
Global
	GlobalSection(SolutionConfigurationPlatforms) = preSolution
		Debug|Any CPU = Debug|Any CPU
		Release|Any CPU = Release|Any CPU
	EndGlobalSection
	GlobalSection(ProjectConfigurationPlatforms) = postSolution
		{B3F56CF9-A748-4135-BCE9-B1E57ACCC7DE}.Debug|Any CPU.ActiveCfg = Debug|Any CPU
		{B3F56CF9-A748-4135-BCE9-B1E57ACCC7DE}.Debug|Any CPU.Build.0 = Debug|Any CPU
		{B3F56CF9-A748-4135-BCE9-B1E57ACCC7DE}.Release|Any CPU.ActiveCfg = Release|Any CPU
		{B3F56CF9-A748-4135-BCE9-B1E57ACCC7DE}.Release|Any CPU.Build.0 = Release|Any CPU
	EndGlobalSection
	GlobalSection(SolutionProperties) = preSolution
		HideSolutionNode = FALSE
	EndGlobalSection
	GlobalSection(ExtensibilityGlobals) = postSolution
		SolutionGuid = {F04FED1A-E063-44D4-A0D9-37403A68CCB3}
	EndGlobalSection
EndGlobal
